
Microsoft Visual Studio Solution File, Format Version 12.00
# Visual Studio Version 17
VisualStudioVersion = 17.8.34330.188
MinimumVisualStudioVersion = 10.0.40219.1
Project("{FAE04EC0-301F-11D3-BF4B-00C04F79EFBC}") = "CAL25", "CAL25.csproj", "{2C521579-2DC7-40A8-8B04-1C0C022538F6}"
EndProject
Global
	GlobalSection(SolutionConfigurationPlatforms) = preSolution
		Debug|Any CPU = Debug|Any CPU
		Release|Any CPU = Release|Any CPU
	EndGlobalSection
	GlobalSection(ProjectConfigurationPlatforms) = postSolution
		{2C521579-2DC7-40A8-8B04-1C0C022538F6}.Debug|Any CPU.ActiveCfg = Debug|Any CPU
		{2C521579-2DC7-40A8-8B04-1C0C022538F6}.Debug|Any CPU.Build.0 = Debug|Any CPU
		{2C521579-2DC7-40A8-8B04-1C0C022538F6}.Release|Any CPU.ActiveCfg = Release|Any CPU
		{2C521579-2DC7-40A8-8B04-1C0C022538F6}.Release|Any CPU.Build.0 = Release|Any CPU
	EndGlobalSection
	GlobalSection(SolutionProperties) = preSolution
		HideSolutionNode = FALSE
	EndGlobalSection
	GlobalSection(ExtensibilityGlobals) = postSolution
		SolutionGuid = {C800F6B4-5708-4A1D-AF73-7F1974ED6315}
	EndGlobalSection
EndGlobal
